Microsoft Visual Studio Solution File, Format Version 12.00
# Visual Studio Version 17
VisualStudioVersion = 17.4.33014.201
MinimumVisualStudioVersion = 10.0.40219.1

Project("{FAE04EC0-301F-11D3-BF4B-00C04F79EFBC}") = "FCT.Reporting.Domain", "FCT.Reporting.Domain\FCT.Reporting.Domain.csproj", "{A1B2C3D4-0000-4000-8000-000000000001}"
EndProject
Project("{FAE04EC0-301F-11D3-BF4B-00C04F79EFBC}") = "FCT.Reporting.Contracts", "FCT.Reporting.Contracts\FCT.Reporting.Contracts.csproj", "{A1B2C3D4-0000-4000-8000-000000000002}"
EndProject
Project("{FAE04EC0-301F-11D3-BF4B-00C04F79EFBC}") = "FCT.Reporting.Application", "FCT.Reporting.Application\FCT.Reporting.Application.csproj", "{A1B2C3D4-0000-4000-8000-000000000003}"
EndProject
Project("{FAE04EC0-301F-11D3-BF4B-00C04F79EFBC}") = "FCT.Reporting.Infrastructure", "FCT.Reporting.Infrastructure\FCT.Reporting.Infrastructure.csproj", "{A1B2C3D4-0000-4000-8000-000000000004}"
EndProject
Project("{FAE04EC0-301F-11D3-BF4B-00C04F79EFBC}") = "FCT.Reporting.Api", "FCT.Reporting.Api\FCT.Reporting.Api.csproj", "{A1B2C3D4-0000-4000-8000-000000000005}"
EndProject
Project("{FAE04EC0-301F-11D3-BF4B-00C04F79EFBC}") = "FCT.Reporting.Worker", "FCT.Reporting.Worker\FCT.Reporting.Worker.csproj", "{A1B2C3D4-0000-4000-8000-000000000006}"
EndProject
Global
	GlobalSection(SolutionConfigurationPlatforms) = preSolution
		Debug|Any CPU = Debug|Any CPU
		Release|Any CPU = Release|Any CPU
	EndGlobalSection
	GlobalSection(ProjectConfigurationPlatforms) = postSolution
		{A1B2C3D4-0000-4000-8000-000000000001}.Debug|Any CPU.ActiveCfg = Debug|Any CPU
		{A1B2C3D4-0000-4000-8000-000000000001}.Debug|Any CPU.Build.0 = Debug|Any CPU
		{A1B2C3D4-0000-4000-8000-000000000001}.Release|Any CPU.ActiveCfg = Release|Any CPU
		{A1B2C3D4-0000-4000-8000-000000000001}.Release|Any CPU.Build.0 = Release|Any CPU

		{A1B2C3D4-0000-4000-8000-000000000002}.Debug|Any CPU.ActiveCfg = Debug|Any CPU
		{A1B2C3D4-0000-4000-8000-000000000002}.Debug|Any CPU.Build.0 = Debug|Any CPU
		{A1B2C3D4-0000-4000-8000-000000000002}.Release|Any CPU.ActiveCfg = Release|Any CPU
		{A1B2C3D4-0000-4000-8000-000000000002}.Release|Any CPU.Build.0 = Release|Any CPU

		{A1B2C3D4-0000-4000-8000-000000000003}.Debug|Any CPU.ActiveCfg = Debug|Any CPU
		{A1B2C3D4-0000-4000-8000-000000000003}.Debug|Any CPU.Build.0 = Debug|Any CPU
		{A1B2C3D4-0000-4000-8000-000000000003}.Release|Any CPU.ActiveCfg = Release|Any CPU
		{A1B2C3D4-0000-4000-8000-000000000003}.Release|Any CPU.Build.0 = Release|Any CPU

		{A1B2C3D4-0000-4000-8000-000000000004}.Debug|Any CPU.ActiveCfg = Debug|Any CPU
		{A1B2C3D4-0000-4000-8000-000000000004}.Debug|Any CPU.Build.0 = Debug|Any CPU
		{A1B2C3D4-0000-4000-8000-000000000004}.Release|Any CPU.ActiveCfg = Release|Any CPU
		{A1B2C3D4-0000-4000-8000-000000000004}.Release|Any CPU.Build.0 = Release|Any CPU

		{A1B2C3D4-0000-4000-8000-000000000005}.Debug|Any CPU.ActiveCfg = Debug|Any CPU
		{A1B2C3D4-0000-4000-8000-000000000005}.Debug|Any CPU.Build.0 = Debug|Any CPU
		{A1B2C3D4-0000-4000-8000-000000000005}.Release|Any CPU.ActiveCfg = Release|Any CPU
		{A1B2C3D4-0000-4000-8000-000000000005}.Release|Any CPU.Build.0 = Release|Any CPU

		{A1B2C3D4-0000-4000-8000-000000000006}.Debug|Any CPU.ActiveCfg = Debug|Any CPU
		{A1B2C3D4-0000-4000-8000-000000000006}.Debug|Any CPU.Build.0 = Debug|Any CPU
		{A1B2C3D4-0000-4000-8000-000000000006}.Release|Any CPU.ActiveCfg = Release|Any CPU
		{A1B2C3D4-0000-4000-8000-000000000006}.Release|Any CPU.Build.0 = Release|Any CPU
	EndGlobalSection
EndGlobal
